
Microsoft Visual Studio Solution File, Format Version 12.00
# Visual Studio Version 17
VisualStudioVersion = 17.2.32516.85
MinimumVisualStudioVersion = 10.0.40219.1
Project("{FAE04EC0-301F-11D3-BF4B-00C04F79EFBC}") = "ConsoleApp", "ConsoleApp\ConsoleApp.csproj", "{32B848FB-7BA0-44FE-802F-B378ACEBFC2C}"
EndProject
Project("{FAE04EC0-301F-11D3-BF4B-00C04F79EFBC}") = "ConsoleAppTests", "ConsoleAppTests\ConsoleAppTests.csproj", "{A78AE81E-08E9-4730-9E73-233A852257D6}"
EndProject
Global
	GlobalSection(SolutionConfigurationPlatforms) = preSolution
		Debug|Any CPU = Debug|Any CPU
		Release|Any CPU = Release|Any CPU
	EndGlobalSection
	GlobalSection(ProjectConfigurationPlatforms) = postSolution
		{32B848FB-7BA0-44FE-802F-B378ACEBFC2C}.Debug|Any CPU.ActiveCfg = Debug|Any CPU
		{32B848FB-7BA0-44FE-802F-B378ACEBFC2C}.Debug|Any CPU.Build.0 = Debug|Any CPU
		{32B848FB-7BA0-44FE-802F-B378ACEBFC2C}.Release|Any CPU.ActiveCfg = Release|Any CPU
		{32B848FB-7BA0-44FE-802F-B378ACEBFC2C}.Release|Any CPU.Build.0 = Release|Any CPU
		{A78AE81E-08E9-4730-9E73-233A852257D6}.Debug|Any CPU.ActiveCfg = Debug|Any CPU
		{A78AE81E-08E9-4730-9E73-233A852257D6}.Debug|Any CPU.Build.0 = Debug|Any CPU
		{A78AE81E-08E9-4730-9E73-233A852257D6}.Release|Any CPU.ActiveCfg = Release|Any CPU
		{A78AE81E-08E9-4730-9E73-233A852257D6}.Release|Any CPU.Build.0 = Release|Any CPU
	EndGlobalSection
	GlobalSection(SolutionProperties) = preSolution
		HideSolutionNode = FALSE
	EndGlobalSection
	GlobalSection(ExtensibilityGlobals) = postSolution
		SolutionGuid = {A0DF2527-DE15-4747-B50A-BEE319B76E29}
	EndGlobalSection
EndGlobal
